
Microsoft Visual Studio Solution File, Format Version 12.00
# Visual Studio 14
VisualStudioVersion = 14.0.25420.1
MinimumVisualStudioVersion = 10.0.40219.1
Project("{8BC9CEB8-8B4A-11D0-8D11-00A0C91BC942}") = "ShellSimulation", "ShellSimulation\ShellSimulation.vcxproj", "{58BDBC17-2C44-45F2-83CA-7791AEC89C15}"
EndProject
Project("{8BC9CEB8-8B4A-11D0-8D11-00A0C91BC942}") = "myecho", "myecho\myecho.vcxproj", "{5AF94A12-DAD2-4A31-B24A-28592EEBF5F9}"
EndProject
Project("{8BC9CEB8-8B4A-11D0-8D11-00A0C91BC942}") = "mycp", "mycp\mycp.vcxproj", "{BCE5F628-8175-4584-868E-5857AB15328A}"
EndProject
Project("{2150E333-8FDC-42A3-9474-1A3956D46DE8}") = "Solution Items", "Solution Items", "{FC94C45F-A9B8-464F-8775-4482AFA68286}"
	ProjectSection(SolutionItems) = preProject
		CMakeLists.txt = CMakeLists.txt
	EndProjectSection
EndProject
Project("{8BC9CEB8-8B4A-11D0-8D11-00A0C91BC942}") = "mycat", "mycat\mycat.vcxproj", "{C6D957D4-70C0-44F2-8BB5-718028CF7ECF}"
EndProject
Global
	GlobalSection(SolutionConfigurationPlatforms) = preSolution
		Debug|x64 = Debug|x64
		Debug|x86 = Debug|x86
		Release|x64 = Release|x64
		Release|x86 = Release|x86
	EndGlobalSection
	GlobalSection(ProjectConfigurationPlatforms) = postSolution
		{58BDBC17-2C44-45F2-83CA-7791AEC89C15}.Debug|x64.ActiveCfg = Debug|x64
		{58BDBC17-2C44-45F2-83CA-7791AEC89C15}.Debug|x64.Build.0 = Debug|x64
		{58BDBC17-2C44-45F2-83CA-7791AEC89C15}.Debug|x86.ActiveCfg = Debug|Win32
		{58BDBC17-2C44-45F2-83CA-7791AEC89C15}.Debug|x86.Build.0 = Debug|Win32
		{58BDBC17-2C44-45F2-83CA-7791AEC89C15}.Release|x64.ActiveCfg = Release|x64
		{58BDBC17-2C44-45F2-83CA-7791AEC89C15}.Release|x64.Build.0 = Release|x64
		{58BDBC17-2C44-45F2-83CA-7791AEC89C15}.Release|x86.ActiveCfg = Release|Win32
		{58BDBC17-2C44-45F2-83CA-7791AEC89C15}.Release|x86.Build.0 = Release|Win32
		{5AF94A12-DAD2-4A31-B24A-28592EEBF5F9}.Debug|x64.ActiveCfg = Debug|x64
		{5AF94A12-DAD2-4A31-B24A-28592EEBF5F9}.Debug|x64.Build.0 = Debug|x64
		{5AF94A12-DAD2-4A31-B24A-28592EEBF5F9}.Debug|x86.ActiveCfg = Debug|Win32
		{5AF94A12-DAD2-4A31-B24A-28592EEBF5F9}.Debug|x86.Build.0 = Debug|Win32
		{5AF94A12-DAD2-4A31-B24A-28592EEBF5F9}.Release|x64.ActiveCfg = Release|x64
		{5AF94A12-DAD2-4A31-B24A-28592EEBF5F9}.Release|x64.Build.0 = Release|x64
		{5AF94A12-DAD2-4A31-B24A-28592EEBF5F9}.Release|x86.ActiveCfg = Release|Win32
		{5AF94A12-DAD2-4A31-B24A-28592EEBF5F9}.Release|x86.Build.0 = Release|Win32
		{BCE5F628-8175-4584-868E-5857AB15328A}.Debug|x64.ActiveCfg = Debug|x64
		{BCE5F628-8175-4584-868E-5857AB15328A}.Debug|x64.Build.0 = Debug|x64
		{BCE5F628-8175-4584-868E-5857AB15328A}.Debug|x86.ActiveCfg = Debug|Win32
		{BCE5F628-8175-4584-868E-5857AB15328A}.Debug|x86.Build.0 = Debug|Win32
		{BCE5F628-8175-4584-868E-5857AB15328A}.Release|x64.ActiveCfg = Release|x64
		{BCE5F628-8175-4584-868E-5857AB15328A}.Release|x64.Build.0 = Release|x64
		{BCE5F628-8175-4584-868E-5857AB15328A}.Release|x86.ActiveCfg = Release|Win32
		{BCE5F628-8175-4584-868E-5857AB15328A}.Release|x86.Build.0 = Release|Win32
		{C6D957D4-70C0-44F2-8BB5-718028CF7ECF}.Debug|x64.ActiveCfg = Debug|x64
		{C6D957D4-70C0-44F2-8BB5-718028CF7ECF}.Debug|x64.Build.0 = Debug|x64
		{C6D957D4-70C0-44F2-8BB5-718028CF7ECF}.Debug|x86.ActiveCfg = Debug|Win32
		{C6D957D4-70C0-44F2-8BB5-718028CF7ECF}.Debug|x86.Build.0 = Debug|Win32
		{C6D957D4-70C0-44F2-8BB5-718028CF7ECF}.Release|x64.ActiveCfg = Release|x64
		{C6D957D4-70C0-44F2-8BB5-718028CF7ECF}.Release|x64.Build.0 = Release|x64
		{C6D957D4-70C0-44F2-8BB5-718028CF7ECF}.Release|x86.ActiveCfg = Release|Win32
		{C6D957D4-70C0-44F2-8BB5-718028CF7ECF}.Release|x86.Build.0 = Release|Win32
	EndGlobalSection
	GlobalSection(SolutionProperties) = preSolution
		HideSolutionNode = FALSE
	EndGlobalSection
EndGlobal
